
Microsoft Visual Studio Solution File, Format Version 12.00
# Visual Studio Version 17
VisualStudioVersion = 17.4.33213.308
MinimumVisualStudioVersion = 10.0.40219.1
Project("{FAE04EC0-301F-11D3-BF4B-00C04F79EFBC}") = "Searchmethod", "Searchmethod.csproj", "{08BE6932-5984-4209-BA76-3AE9F3007B73}"
EndProject
Global
	GlobalSection(SolutionConfigurationPlatforms) = preSolution
		Debug|Any CPU = Debug|Any CPU
		Release|Any CPU = Release|Any CPU
	EndGlobalSection
	GlobalSection(ProjectConfigurationPlatforms) = postSolution
		{08BE6932-5984-4209-BA76-3AE9F3007B73}.Debug|Any CPU.ActiveCfg = Debug|Any CPU
		{08BE6932-5984-4209-BA76-3AE9F3007B73}.Debug|Any CPU.Build.0 = Debug|Any CPU
		{08BE6932-5984-4209-BA76-3AE9F3007B73}.Release|Any CPU.ActiveCfg = Release|Any CPU
		{08BE6932-5984-4209-BA76-3AE9F3007B73}.Release|Any CPU.Build.0 = Release|Any CPU
	EndGlobalSection
	GlobalSection(SolutionProperties) = preSolution
		HideSolutionNode = FALSE
	EndGlobalSection
	GlobalSection(ExtensibilityGlobals) = postSolution
		SolutionGuid = {AB3535F2-1119-45D1-B8E9-B91D8A6C9417}
	EndGlobalSection
EndGlobal
